
Microsoft Visual Studio Solution File, Format Version 12.00
# Visual Studio Version 16
VisualStudioVersion = 16.0.32510.428
MinimumVisualStudioVersion = 10.0.40219.1
Project("{FAE04EC0-301F-11D3-BF4B-00C04F79EFBC}") = "17318905_HW04", "17318905_HW04\17318905_HW04.csproj", "{1A7EFD53-B9B6-4D20-9971-30CAD5EF2D83}"
EndProject
Global
	GlobalSection(SolutionConfigurationPlatforms) = preSolution
		Debug|Any CPU = Debug|Any CPU
		Release|Any CPU = Release|Any CPU
	EndGlobalSection
	GlobalSection(ProjectConfigurationPlatforms) = postSolution
		{1A7EFD53-B9B6-4D20-9971-30CAD5EF2D83}.Debug|Any CPU.ActiveCfg = Debug|Any CPU
		{1A7EFD53-B9B6-4D20-9971-30CAD5EF2D83}.Debug|Any CPU.Build.0 = Debug|Any CPU
		{1A7EFD53-B9B6-4D20-9971-30CAD5EF2D83}.Release|Any CPU.ActiveCfg = Release|Any CPU
		{1A7EFD53-B9B6-4D20-9971-30CAD5EF2D83}.Release|Any CPU.Build.0 = Release|Any CPU
	EndGlobalSection
	GlobalSection(SolutionProperties) = preSolution
		HideSolutionNode = FALSE
	EndGlobalSection
	GlobalSection(ExtensibilityGlobals) = postSolution
		SolutionGuid = {7DB7219B-40D6-48A7-A5F2-6550EA90FC2C}
	EndGlobalSection
EndGlobal
